// !$*UTF8*$!
{
	archiveVersion = 1;
	classes = {
	};
	objectVersion = 46;
	objects = {

/* Begin PBXBuildFile section */
		89EDF8845E36466487A28914 /* libPods.a in Frameworks */ = {isa = PBXBuildFile; fileRef = D16AD24F9D5B43CC84300C7C /* libPods.a */; };
		EA071842187FF8E7004DC993 /* Foundation.framework in Frameworks */ = {isa = PBXBuildFile; fileRef = EA071841187FF8E7004DC993 /* Foundation.framework */; };
		EA071844187FF8E7004DC993 /* CoreGraphics.framework in Frameworks */ = {isa = PBXBuildFile; fileRef = EA071843187FF8E7004DC993 /* CoreGraphics.framework */; };
		EA071846187FF8E7004DC993 /* UIKit.framework in Frameworks */ = {isa = PBXBuildFile; fileRef = EA071845187FF8E7004DC993 /* UIKit.framework */; };
		EA07184C187FF8E7004DC993 /* InfoPlist.strings in Resources */ = {isa = PBXBuildFile; fileRef = EA07184A187FF8E7004DC993 /* InfoPlist.strings */; };
		EA07184E187FF8E7004DC993 /* main.m in Sources */ = {isa = PBXBuildFile; fileRef = EA07184D187FF8E7004DC993 /* main.m */; };
		EA071852187FF8E7004DC993 /* AppDelegate.m in Sources */ = {isa = PBXBuildFile; fileRef = EA071851187FF8E7004DC993 /* AppDelegate.m */; };
		EA071854187FF8E7004DC993 /* Images.xcassets in Resources */ = {isa = PBXBuildFile; fileRef = EA071853187FF8E7004DC993 /* Images.xcassets */; };
		EA07185B187FF8E7004DC993 /* XCTest.framework in Frameworks */ = {isa = PBXBuildFile; fileRef = EA07185A187FF8E7004DC993 /* XCTest.framework */; };
		EA07185C187FF8E7004DC993 /* Foundation.framework in Frameworks */ = {isa = PBXBuildFile; fileRef = EA071841187FF8E7004DC993 /* Foundation.framework */; };
		EA07185D187FF8E7004DC993 /* UIKit.framework in Frameworks */ = {isa = PBXBuildFile; fileRef = EA071845187FF8E7004DC993 /* UIKit.framework */; };
		EA071865187FF8E7004DC993 /* InfoPlist.strings in Resources */ = {isa = PBXBuildFile; fileRef = EA071863187FF8E7004DC993 /* InfoPlist.strings */; };
		EA071867187FF8E7004DC993 /* ALRefreshTableTests.m in Sources */ = {isa = PBXBuildFile; fileRef = EA071866187FF8E7004DC993 /* ALRefreshTableTests.m */; };
		EA0B909318AB4CB300CC7026 /* ALRefreshTableHeaderView.m in Sources */ = {isa = PBXBuildFile; fileRef = EA0B909218AB4CB300CC7026 /* ALRefreshTableHeaderView.m */; };
		EA0B909718AB54D700CC7026 /* grayArrow@2x.png in Resources */ = {isa = PBXBuildFile; fileRef = EA0B909618AB54D700CC7026 /* grayArrow@2x.png */; };
		EA0DF38E18B488FF00DDFCE2 /* NTESIMMainBaseViewController.m in Sources */ = {isa = PBXBuildFile; fileRef = EA0DF38D18B488FF00DDFCE2 /* NTESIMMainBaseViewController.m */; };
		EA0DF39018B4AA4200DDFCE2 /* top_navigation_back@2x.png in Resources */ = {isa = PBXBuildFile; fileRef = EA0DF38F18B4AA4200DDFCE2 /* top_navigation_back@2x.png */; };
		EA29318D18AA178A00C0AEBB /* ALTestTableViewController.m in Sources */ = {isa = PBXBuildFile; fileRef = EA29318C18AA178A00C0AEBB /* ALTestTableViewController.m */; };
		EA887E081883C18900675C24 /* TestStockController.m in Sources */ = {isa = PBXBuildFile; fileRef = EA887E071883C18900675C24 /* TestStockController.m */; };
		EA887E201883D40A00675C24 /* ALStockKLineView.m in Sources */ = {isa = PBXBuildFile; fileRef = EA887E1F1883D40A00675C24 /* ALStockKLineView.m */; };
		EA887E241883E5A100675C24 /* ALStockSeries.m in Sources */ = {isa = PBXBuildFile; fileRef = EA887E231883E5A100675C24 /* ALStockSeries.m */; };
		EAA70A2F18A8B2360054EFC1 /* ALMainController.m in Sources */ = {isa = PBXBuildFile; fileRef = EAA70A2E18A8B2360054EFC1 /* ALMainController.m */; };
		EAA70A3918A8C5B80054EFC1 /* EGORefreshTableFooterView.m in Sources */ = {isa = PBXBuildFile; fileRef = EAA70A3418A8C5B80054EFC1 /* EGORefreshTableFooterView.m */; };
		EAA70A3A18A8C5B80054EFC1 /* EGORefreshTableHeaderView.m in Sources */ = {isa = PBXBuildFile; fileRef = EAA70A3618A8C5B80054EFC1 /* EGORefreshTableHeaderView.m */; };
		EAA70A3B18A8C5B80054EFC1 /* RootViewController.m in Sources */ = {isa = PBXBuildFile; fileRef = EAA70A3818A8C5B80054EFC1 /* RootViewController.m */; };
		EABDA3BC18B2FA6500428061 /* ALRefreshTableFooterView.m in Sources */ = {isa = PBXBuildFile; fileRef = EABDA3BB18B2FA6500428061 /* ALRefreshTableFooterView.m */; };
		EAE2BC2B18ACA9780016D4E4 /* ALRootTableViewController.m in Sources */ = {isa = PBXBuildFile; fileRef = EAE2BC2A18ACA9780016D4E4 /* ALRootTableViewController.m */; };
/* End PBXBuildFile section */

/* Begin PBXContainerItemProxy section */
		EA07185E187FF8E7004DC993 /* PBXContainerItemProxy */ = {
			isa = PBXContainerItemProxy;
			containerPortal = EA071836187FF8E7004DC993 /* Project object */;
			proxyType = 1;
			remoteGlobalIDString = EA07183D187FF8E7004DC993;
			remoteInfo = ALRefreshTable;
		};
/* End PBXContainerItemProxy section */

/* Begin PBXFileReference section */
		D16AD24F9D5B43CC84300C7C /* libPods.a */ = {isa = PBXFileReference; explicitFileType = archive.ar; includeInIndex = 0; path = libPods.a; sourceTree = BUILT_PRODUCTS_DIR; };
		DFDDF6598E694F3DAA6A4818 /* Pods.xcconfig */ = {isa = PBXFileReference; includeInIndex = 1; lastKnownFileType = text.xcconfig; name = Pods.xcconfig; path = Pods/Pods.xcconfig; sourceTree = "<group>"; };
		EA07183E187FF8E7004DC993 /* ALRefreshTable.app */ = {isa = PBXFileReference; explicitFileType = wrapper.application; includeInIndex = 0; path = ALRefreshTable.app; sourceTree = BUILT_PRODUCTS_DIR; };
		EA071841187FF8E7004DC993 /* Foundation.framework */ = {isa = PBXFileReference; lastKnownFileType = wrapper.framework; name = Foundation.framework; path = System/Library/Frameworks/Foundation.framework; sourceTree = SDKROOT; };
		EA071843187FF8E7004DC993 /* CoreGraphics.framework */ = {isa = PBXFileReference; lastKnownFileType = wrapper.framework; name = CoreGraphics.framework; path = System/Library/Frameworks/CoreGraphics.framework; sourceTree = SDKROOT; };
		EA071845187FF8E7004DC993 /* UIKit.framework */ = {isa = PBXFileReference; lastKnownFileType = wrapper.framework; name = UIKit.framework; path = System/Library/Frameworks/UIKit.framework; sourceTree = SDKROOT; };
		EA071849187FF8E7004DC993 /* ALRefreshTable-Info.plist */ = {isa = PBXFileReference; lastKnownFileType = text.plist.xml; path = "ALRefreshTable-Info.plist"; sourceTree = "<group>"; };
		EA07184B187FF8E7004DC993 /* en */ = {isa = PBXFileReference; lastKnownFileType = text.plist.strings; name = en; path = en.lproj/InfoPlist.strings; sourceTree = "<group>"; };
		EA07184D187FF8E7004DC993 /* main.m */ = {isa = PBXFileReference; lastKnownFileType = sourcecode.c.objc; path = main.m; sourceTree = "<group>"; };
		EA07184F187FF8E7004DC993 /* ALRefreshTable-Prefix.pch */ = {isa = PBXFileReference; lastKnownFileType = sourcecode.c.h; path = "ALRefreshTable-Prefix.pch"; sourceTree = "<group>"; };
		EA071850187FF8E7004DC993 /* AppDelegate.h */ = {isa = PBXFileReference; lastKnownFileType = sourcecode.c.h; path = AppDelegate.h; sourceTree = "<group>"; };
		EA071851187FF8E7004DC993 /* AppDelegate.m */ = {isa = PBXFileReference; lastKnownFileType = sourcecode.c.objc; path = AppDelegate.m; sourceTree = "<group>"; };
		EA071853187FF8E7004DC993 /* Images.xcassets */ = {isa = PBXFileReference; lastKnownFileType = folder.assetcatalog; path = Images.xcassets; sourceTree = "<group>"; };
		EA071859187FF8E7004DC993 /* ALRefreshTableTests.xctest */ = {isa = PBXFileReference; explicitFileType = wrapper.cfbundle; includeInIndex = 0; path = ALRefreshTableTests.xctest; sourceTree = BUILT_PRODUCTS_DIR; };
		EA07185A187FF8E7004DC993 /* XCTest.framework */ = {isa = PBXFileReference; lastKnownFileType = wrapper.framework; name = XCTest.framework; path = Library/Frameworks/XCTest.framework; sourceTree = DEVELOPER_DIR; };
		EA071862187FF8E7004DC993 /* ALRefreshTableTests-Info.plist */ = {isa = PBXFileReference; lastKnownFileType = text.plist.xml; path = "ALRefreshTableTests-Info.plist"; sourceTree = "<group>"; };
		EA071864187FF8E7004DC993 /* en */ = {isa = PBXFileReference; lastKnownFileType = text.plist.strings; name = en; path = en.lproj/InfoPlist.strings; sourceTree = "<group>"; };
		EA071866187FF8E7004DC993 /* ALRefreshTableTests.m */ = {isa = PBXFileReference; lastKnownFileType = sourcecode.c.objc; path = ALRefreshTableTests.m; sourceTree = "<group>"; };
		EA0B909118AB4CB300CC7026 /* ALRefreshTableHeaderView.h */ = {isa = PBXFileReference; fileEncoding = 4; lastKnownFileType = sourcecode.c.h; path = ALRefreshTableHeaderView.h; sourceTree = "<group>"; };
		EA0B909218AB4CB300CC7026 /* ALRefreshTableHeaderView.m */ = {isa = PBXFileReference; fileEncoding = 4; lastKnownFileType = sourcecode.c.objc; path = ALRefreshTableHeaderView.m; sourceTree = "<group>"; };
		EA0B909618AB54D700CC7026 /* grayArrow@2x.png */ = {isa = PBXFileReference; lastKnownFileType = image.png; path = "grayArrow@2x.png"; sourceTree = "<group>"; };
		EA0B909818AB57D900CC7026 /* ALRefreshTableDelegate.h */ = {isa = PBXFileReference; lastKnownFileType = sourcecode.c.h; path = ALRefreshTableDelegate.h; sourceTree = "<group>"; };
		EA0DF38C18B488FF00DDFCE2 /* NTESIMMainBaseViewController.h */ = {isa = PBXFileReference; fileEncoding = 4; lastKnownFileType = sourcecode.c.h; path = NTESIMMainBaseViewController.h; sourceTree = "<group>"; };
		EA0DF38D18B488FF00DDFCE2 /* NTESIMMainBaseViewController.m */ = {isa = PBXFileReference; fileEncoding = 4; lastKnownFileType = sourcecode.c.objc; path = NTESIMMainBaseViewController.m; sourceTree = "<group>"; };
		EA0DF38F18B4AA4200DDFCE2 /* top_navigation_back@2x.png */ = {isa = PBXFileReference; lastKnownFileType = image.png; path = "top_navigation_back@2x.png"; sourceTree = "<group>"; };
		EA29318B18AA178A00C0AEBB /* ALTestTableViewController.h */ = {isa = PBXFileReference; fileEncoding = 4; lastKnownFileType = sourcecode.c.h; path = ALTestTableViewController.h; sourceTree = "<group>"; };
		EA29318C18AA178A00C0AEBB /* ALTestTableViewController.m */ = {isa = PBXFileReference; fileEncoding = 4; lastKnownFileType = sourcecode.c.objc; path = ALTestTableViewController.m; sourceTree = "<group>"; };
		EA887E061883C18900675C24 /* TestStockController.h */ = {isa = PBXFileReference; fileEncoding = 4; lastKnownFileType = sourcecode.c.h; path = TestStockController.h; sourceTree = "<group>"; };
		EA887E071883C18900675C24 /* TestStockController.m */ = {isa = PBXFileReference; fileEncoding = 4; lastKnownFileType = sourcecode.c.objc; path = TestStockController.m; sourceTree = "<group>"; };
		EA887E1E1883D40A00675C24 /* ALStockKLineView.h */ = {isa = PBXFileReference; fileEncoding = 4; lastKnownFileType = sourcecode.c.h; path = ALStockKLineView.h; sourceTree = "<group>"; };
		EA887E1F1883D40A00675C24 /* ALStockKLineView.m */ = {isa = PBXFileReference; fileEncoding = 4; lastKnownFileType = sourcecode.c.objc; path = ALStockKLineView.m; sourceTree = "<group>"; };
		EA887E221883E5A100675C24 /* ALStockSeries.h */ = {isa = PBXFileReference; fileEncoding = 4; lastKnownFileType = sourcecode.c.h; path = ALStockSeries.h; sourceTree = "<group>"; };
		EA887E231883E5A100675C24 /* ALStockSeries.m */ = {isa = PBXFileReference; fileEncoding = 4; lastKnownFileType = sourcecode.c.objc; path = ALStockSeries.m; sourceTree = "<group>"; };
		EAA70A2D18A8B2360054EFC1 /* ALMainController.h */ = {isa = PBXFileReference; fileEncoding = 4; lastKnownFileType = sourcecode.c.h; path = ALMainController.h; sourceTree = "<group>"; };
		EAA70A2E18A8B2360054EFC1 /* ALMainController.m */ = {isa = PBXFileReference; fileEncoding = 4; lastKnownFileType = sourcecode.c.objc; path = ALMainController.m; sourceTree = "<group>"; };
		EAA70A3318A8C5B80054EFC1 /* EGORefreshTableFooterView.h */ = {isa = PBXFileReference; fileEncoding = 4; lastKnownFileType = sourcecode.c.h; path = EGORefreshTableFooterView.h; sourceTree = "<group>"; };
		EAA70A3418A8C5B80054EFC1 /* EGORefreshTableFooterView.m */ = {isa = PBXFileReference; fileEncoding = 4; lastKnownFileType = sourcecode.c.objc; path = EGORefreshTableFooterView.m; sourceTree = "<group>"; };
		EAA70A3518A8C5B80054EFC1 /* EGORefreshTableHeaderView.h */ = {isa = PBXFileReference; fileEncoding = 4; lastKnownFileType = sourcecode.c.h; path = EGORefreshTableHeaderView.h; sourceTree = "<group>"; };
		EAA70A3618A8C5B80054EFC1 /* EGORefreshTableHeaderView.m */ = {isa = PBXFileReference; fileEncoding = 4; lastKnownFileType = sourcecode.c.objc; path = EGORefreshTableHeaderView.m; sourceTree = "<group>"; };
		EAA70A3718A8C5B80054EFC1 /* RootViewController.h */ = {isa = PBXFileReference; fileEncoding = 4; lastKnownFileType = sourcecode.c.h; path = RootViewController.h; sourceTree = "<group>"; };
		EAA70A3818A8C5B80054EFC1 /* RootViewController.m */ = {isa = PBXFileReference; fileEncoding = 4; lastKnownFileType = sourcecode.c.objc; path = RootViewController.m; sourceTree = "<group>"; };
		EAA70A3C18A8D3CE0054EFC1 /* EGOViewCommon.h */ = {isa = PBXFileReference; fileEncoding = 4; lastKnownFileType = sourcecode.c.h; path = EGOViewCommon.h; sourceTree = "<group>"; };
		EABDA3BA18B2FA6500428061 /* ALRefreshTableFooterView.h */ = {isa = PBXFileReference; fileEncoding = 4; lastKnownFileType = sourcecode.c.h; path = ALRefreshTableFooterView.h; sourceTree = "<group>"; };
		EABDA3BB18B2FA6500428061 /* ALRefreshTableFooterView.m */ = {isa = PBXFileReference; fileEncoding = 4; lastKnownFileType = sourcecode.c.objc; path = ALRefreshTableFooterView.m; sourceTree = "<group>"; };
		EAE2BC2918ACA9780016D4E4 /* ALRootTableViewController.h */ = {isa = PBXFileReference; fileEncoding = 4; lastKnownFileType = sourcecode.c.h; path = ALRootTableViewController.h; sourceTree = "<group>"; };
		EAE2BC2A18ACA9780016D4E4 /* ALRootTableViewController.m */ = {isa = PBXFileReference; fileEncoding = 4; lastKnownFileType = sourcecode.c.objc; path = ALRootTableViewController.m; sourceTree = "<group>"; };
/* End PBXFileReference section */

/* Begin PBXFrameworksBuildPhase section */
		EA07183B187FF8E7004DC993 /* Frameworks */ = {
			isa = PBXFrameworksBuildPhase;
			buildActionMask = 2147483647;
			files = (
				EA071844187FF8E7004DC993 /* CoreGraphics.framework in Frameworks */,
				EA071846187FF8E7004DC993 /* UIKit.framework in Frameworks */,
				EA071842187FF8E7004DC993 /* Foundation.framework in Frameworks */,
				89EDF8845E36466487A28914 /* libPods.a in Frameworks */,
			);
			runOnlyForDeploymentPostprocessing = 0;
		};
		EA071856187FF8E7004DC993 /* Frameworks */ = {
			isa = PBXFrameworksBuildPhase;
			buildActionMask = 2147483647;
			files = (
				EA07185B187FF8E7004DC993 /* XCTest.framework in Frameworks */,
				EA07185D187FF8E7004DC993 /* UIKit.framework in Frameworks */,
				EA07185C187FF8E7004DC993 /* Foundation.framework in Frameworks */,
			);
			runOnlyForDeploymentPostprocessing = 0;
		};
/* End PBXFrameworksBuildPhase section */

/* Begin PBXGroup section */
		EA071835187FF8E7004DC993 = {
			isa = PBXGroup;
			children = (
				EA071847187FF8E7004DC993 /* ALRefreshTable */,
				EA071860187FF8E7004DC993 /* ALRefreshTableTests */,
				EA071840187FF8E7004DC993 /* Frameworks */,
				EA07183F187FF8E7004DC993 /* Products */,
				DFDDF6598E694F3DAA6A4818 /* Pods.xcconfig */,
			);
			sourceTree = "<group>";
		};
		EA07183F187FF8E7004DC993 /* Products */ = {
			isa = PBXGroup;
			children = (
				EA07183E187FF8E7004DC993 /* ALRefreshTable.app */,
				EA071859187FF8E7004DC993 /* ALRefreshTableTests.xctest */,
			);
			name = Products;
			sourceTree = "<group>";
		};
		EA071840187FF8E7004DC993 /* Frameworks */ = {
			isa = PBXGroup;
			children = (
				EA071841187FF8E7004DC993 /* Foundation.framework */,
				EA071843187FF8E7004DC993 /* CoreGraphics.framework */,
				EA071845187FF8E7004DC993 /* UIKit.framework */,
				EA07185A187FF8E7004DC993 /* XCTest.framework */,
				D16AD24F9D5B43CC84300C7C /* libPods.a */,
			);
			name = Frameworks;
			sourceTree = "<group>";
		};
		EA071847187FF8E7004DC993 /* ALRefreshTable */ = {
			isa = PBXGroup;
			children = (
				EA887E1C1883D3F100675C24 /* class */,
				EA071850187FF8E7004DC993 /* AppDelegate.h */,
				EA071851187FF8E7004DC993 /* AppDelegate.m */,
				EA071853187FF8E7004DC993 /* Images.xcassets */,
				EA071848187FF8E7004DC993 /* Supporting Files */,
				EA887E061883C18900675C24 /* TestStockController.h */,
				EA887E071883C18900675C24 /* TestStockController.m */,
				EA29318B18AA178A00C0AEBB /* ALTestTableViewController.h */,
				EA29318C18AA178A00C0AEBB /* ALTestTableViewController.m */,
				EAA70A2D18A8B2360054EFC1 /* ALMainController.h */,
				EAA70A2E18A8B2360054EFC1 /* ALMainController.m */,
			);
			path = ALRefreshTable;
			sourceTree = "<group>";
		};
		EA071848187FF8E7004DC993 /* Supporting Files */ = {
			isa = PBXGroup;
			children = (
				EA0DF38F18B4AA4200DDFCE2 /* top_navigation_back@2x.png */,
				EA0B909418AB54D700CC7026 /* sources */,
				EA071849187FF8E7004DC993 /* ALRefreshTable-Info.plist */,
				EA07184A187FF8E7004DC993 /* InfoPlist.strings */,
				EA07184D187FF8E7004DC993 /* main.m */,
				EA07184F187FF8E7004DC993 /* ALRefreshTable-Prefix.pch */,
				EA0DF38C18B488FF00DDFCE2 /* NTESIMMainBaseViewController.h */,
				EA0DF38D18B488FF00DDFCE2 /* NTESIMMainBaseViewController.m */,
			);
			name = "Supporting Files";
			sourceTree = "<group>";
		};
		EA071860187FF8E7004DC993 /* ALRefreshTableTests */ = {
			isa = PBXGroup;
			children = (
				EA071866187FF8E7004DC993 /* ALRefreshTableTests.m */,
				EA071861187FF8E7004DC993 /* Supporting Files */,
			);
			path = ALRefreshTableTests;
			sourceTree = "<group>";
		};
		EA071861187FF8E7004DC993 /* Supporting Files */ = {
			isa = PBXGroup;
			children = (
				EA071862187FF8E7004DC993 /* ALRefreshTableTests-Info.plist */,
				EA071863187FF8E7004DC993 /* InfoPlist.strings */,
			);
			name = "Supporting Files";
			sourceTree = "<group>";
		};
		EA0B909418AB54D700CC7026 /* sources */ = {
			isa = PBXGroup;
			children = (
				EA0B909518AB54D700CC7026 /* images */,
			);
			path = sources;
			sourceTree = "<group>";
		};
		EA0B909518AB54D700CC7026 /* images */ = {
			isa = PBXGroup;
			children = (
				EA0B909618AB54D700CC7026 /* grayArrow@2x.png */,
			);
			path = images;
			sourceTree = "<group>";
		};
		EA887E1C1883D3F100675C24 /* class */ = {
			isa = PBXGroup;
			children = (
				EAA70A3018A8C5B80054EFC1 /* controllers */,
				EA887E211883E57F00675C24 /* entity */,
				EA887E1D1883D3F100675C24 /* views */,
			);
			path = class;
			sourceTree = "<group>";
		};
		EA887E1D1883D3F100675C24 /* views */ = {
			isa = PBXGroup;
			children = (
				EA887E1E1883D40A00675C24 /* ALStockKLineView.h */,
				EA887E1F1883D40A00675C24 /* ALStockKLineView.m */,
			);
			path = views;
			sourceTree = "<group>";
		};
		EA887E211883E57F00675C24 /* entity */ = {
			isa = PBXGroup;
			children = (
				EA887E221883E5A100675C24 /* ALStockSeries.h */,
				EA887E231883E5A100675C24 /* ALStockSeries.m */,
			);
			path = entity;
			sourceTree = "<group>";
		};
		EAA70A3018A8C5B80054EFC1 /* controllers */ = {
			isa = PBXGroup;
			children = (
				EAA70A3118A8C5B80054EFC1 /* baseControllers */,
			);
			path = controllers;
			sourceTree = "<group>";
		};
		EAA70A3118A8C5B80054EFC1 /* baseControllers */ = {
			isa = PBXGroup;
			children = (
				EAA70A3218A8C5B80054EFC1 /* TableViewControllers */,
			);
			path = baseControllers;
			sourceTree = "<group>";
		};
		EAA70A3218A8C5B80054EFC1 /* TableViewControllers */ = {
			isa = PBXGroup;
			children = (
				EAA70A3C18A8D3CE0054EFC1 /* EGOViewCommon.h */,
				EAA70A3318A8C5B80054EFC1 /* EGORefreshTableFooterView.h */,
				EAA70A3418A8C5B80054EFC1 /* EGORefreshTableFooterView.m */,
				EAA70A3518A8C5B80054EFC1 /* EGORefreshTableHeaderView.h */,
				EAA70A3618A8C5B80054EFC1 /* EGORefreshTableHeaderView.m */,
				EAA70A3718A8C5B80054EFC1 /* RootViewController.h */,
				EAA70A3818A8C5B80054EFC1 /* RootViewController.m */,
				EA0B909118AB4CB300CC7026 /* ALRefreshTableHeaderView.h */,
				EA0B909218AB4CB300CC7026 /* ALRefreshTableHeaderView.m */,
				EA0B909818AB57D900CC7026 /* ALRefreshTableDelegate.h */,
				EAE2BC2918ACA9780016D4E4 /* ALRootTableViewController.h */,
				EAE2BC2A18ACA9780016D4E4 /* ALRootTableViewController.m */,
				EABDA3BA18B2FA6500428061 /* ALRefreshTableFooterView.h */,
				EABDA3BB18B2FA6500428061 /* ALRefreshTableFooterView.m */,
			);
			path = TableViewControllers;
			sourceTree = "<group>";
		};
/* End PBXGroup section */

/* Begin PBXNativeTarget section */
		EA07183D187FF8E7004DC993 /* ALRefreshTable */ = {
			isa = PBXNativeTarget;
			buildConfigurationList = EA07186A187FF8E8004DC993 /* Build configuration list for PBXNativeTarget "ALRefreshTable" */;
			buildPhases = (
				FA1CE08602864242B1985EBE /* Check Pods Manifest.lock */,
				EA07183A187FF8E7004DC993 /* Sources */,
				EA07183B187FF8E7004DC993 /* Frameworks */,
				EA07183C187FF8E7004DC993 /* Resources */,
				060B095F7C6F4A9BA4AAE8E1 /* Copy Pods Resources */,
			);
			buildRules = (
			);
			dependencies = (
			);
			name = ALRefreshTable;
			productName = ALRefreshTable;
			productReference = EA07183E187FF8E7004DC993 /* ALRefreshTable.app */;
			productType = "com.apple.product-type.application";
		};
		EA071858187FF8E7004DC993 /* ALRefreshTableTests */ = {
			isa = PBXNativeTarget;
			buildConfigurationList = EA07186D187FF8E8004DC993 /* Build configuration list for PBXNativeTarget "ALRefreshTableTests" */;
			buildPhases = (
				EA071855187FF8E7004DC993 /* Sources */,
				EA071856187FF8E7004DC993 /* Frameworks */,
				EA071857187FF8E7004DC993 /* Resources */,
			);
			buildRules = (
			);
			dependencies = (
				EA07185F187FF8E7004DC993 /* PBXTargetDependency */,
			);
			name = ALRefreshTableTests;
			productName = ALRefreshTableTests;
			productReference = EA071859187FF8E7004DC993 /* ALRefreshTableTests.xctest */;
			productType = "com.apple.product-type.bundle.unit-test";
		};
/* End PBXNativeTarget section */

/* Begin PBXProject section */
		EA071836187FF8E7004DC993 /* Project object */ = {
			isa = PBXProject;
			attributes = {
				LastUpgradeCheck = 0500;
				ORGANIZATIONNAME = "lin zhu";
				TargetAttributes = {
					EA071858187FF8E7004DC993 = {
						TestTargetID = EA07183D187FF8E7004DC993;
					};
				};
			};
			buildConfigurationList = EA071839187FF8E7004DC993 /* Build configuration list for PBXProject "ALRefreshTable" */;
			compatibilityVersion = "Xcode 3.2";
			developmentRegion = English;
			hasScannedForEncodings = 0;
			knownRegions = (
				en,
			);
			mainGroup = EA071835187FF8E7004DC993;
			productRefGroup = EA07183F187FF8E7004DC993 /* Products */;
			projectDirPath = "";
			projectRoot = "";
			targets = (
				EA07183D187FF8E7004DC993 /* ALRefreshTable */,
				EA071858187FF8E7004DC993 /* ALRefreshTableTests */,
			);
		};
/* End PBXProject section */

/* Begin PBXResourcesBuildPhase section */
		EA07183C187FF8E7004DC993 /* Resources */ = {
			isa = PBXResourcesBuildPhase;
			buildActionMask = 2147483647;
			files = (
				EA0B909718AB54D700CC7026 /* grayArrow@2x.png in Resources */,
				EA0DF39018B4AA4200DDFCE2 /* top_navigation_back@2x.png in Resources */,
				EA07184C187FF8E7004DC993 /* InfoPlist.strings in Resources */,
				EA071854187FF8E7004DC993 /* Images.xcassets in Resources */,
			);
			runOnlyForDeploymentPostprocessing = 0;
		};
		EA071857187FF8E7004DC993 /* Resources */ = {
			isa = PBXResourcesBuildPhase;
			buildActionMask = 2147483647;
			files = (
				EA071865187FF8E7004DC993 /* InfoPlist.strings in Resources */,
			);
			runOnlyForDeploymentPostprocessing = 0;
		};
/* End PBXResourcesBuildPhase section */

/* Begin PBXShellScriptBuildPhase section */
		060B095F7C6F4A9BA4AAE8E1 /* Copy Pods Resources */ = {
			isa = PBXShellScriptBuildPhase;
			buildActionMask = 2147483647;
			files = (
			);
			inputPaths = (
			);
			name = "Copy Pods Resources";
			outputPaths = (
			);
			runOnlyForDeploymentPostprocessing = 0;
			shellPath = /bin/sh;
			shellScript = "\"${SRCROOT}/Pods/Pods-resources.sh\"\n";
			showEnvVarsInLog = 0;
		};
		FA1CE08602864242B1985EBE /* Check Pods Manifest.lock */ = {
			isa = PBXShellScriptBuildPhase;
			buildActionMask = 2147483647;
			files = (
			);
			inputPaths = (
			);
			name = "Check Pods Manifest.lock";
			outputPaths = (
			);
			runOnlyForDeploymentPostprocessing = 0;
			shellPath = /bin/sh;
			shellScript = "diff \"${PODS_ROOT}/../Podfile.lock\" \"${PODS_ROOT}/Manifest.lock\" > /dev/null\nif [[ $? != 0 ]] ; then\n    cat << EOM\nerror: The sandbox is not in sync with the Podfile.lock. Run 'pod install' or update your CocoaPods installation.\nEOM\n    exit 1\nfi\n";
			showEnvVarsInLog = 0;
		};
/* End PBXShellScriptBuildPhase section */

/* Begin PBXSourcesBuildPhase section */
		EA07183A187FF8E7004DC993 /* Sources */ = {
			isa = PBXSourcesBuildPhase;
			buildActionMask = 2147483647;
			files = (
				EA29318D18AA178A00C0AEBB /* ALTestTableViewController.m in Sources */,
				EA887E201883D40A00675C24 /* ALStockKLineView.m in Sources */,
				EAE2BC2B18ACA9780016D4E4 /* ALRootTableViewController.m in Sources */,
				EABDA3BC18B2FA6500428061 /* ALRefreshTableFooterView.m in Sources */,
				EA071852187FF8E7004DC993 /* AppDelegate.m in Sources */,
				EAA70A3918A8C5B80054EFC1 /* EGORefreshTableFooterView.m in Sources */,
				EA0DF38E18B488FF00DDFCE2 /* NTESIMMainBaseViewController.m in Sources */,
				EA0B909318AB4CB300CC7026 /* ALRefreshTableHeaderView.m in Sources */,
				EA07184E187FF8E7004DC993 /* main.m in Sources */,
				EAA70A3A18A8C5B80054EFC1 /* EGORefreshTableHeaderView.m in Sources */,
				EAA70A3B18A8C5B80054EFC1 /* RootViewController.m in Sources */,
				EA887E241883E5A100675C24 /* ALStockSeries.m in Sources */,
				EA887E081883C18900675C24 /* TestStockController.m in Sources */,
				EAA70A2F18A8B2360054EFC1 /* ALMainController.m in Sources */,
			);
			runOnlyForDeploymentPostprocessing = 0;
		};
		EA071855187FF8E7004DC993 /* Sources */ = {
			isa = PBXSourcesBuildPhase;
			buildActionMask = 2147483647;
			files = (
				EA071867187FF8E7004DC993 /* ALRefreshTableTests.m in Sources */,
			);
			runOnlyForDeploymentPostprocessing = 0;
		};
/* End PBXSourcesBuildPhase section */

/* Begin PBXTargetDependency section */
		EA07185F187FF8E7004DC993 /* PBXTargetDependency */ = {
			isa = PBXTargetDependency;
			target = EA07183D187FF8E7004DC993 /* ALRefreshTable */;
			targetProxy = EA07185E187FF8E7004DC993 /* PBXContainerItemProxy */;
		};
/* End PBXTargetDependency section */

/* Begin PBXVariantGroup section */
		EA07184A187FF8E7004DC993 /* InfoPlist.strings */ = {
			isa = PBXVariantGroup;
			children = (
				EA07184B187FF8E7004DC993 /* en */,
			);
			name = InfoPlist.strings;
			sourceTree = "<group>";
		};
		EA071863187FF8E7004DC993 /* InfoPlist.strings */ = {
			isa = PBXVariantGroup;
			children = (
				EA071864187FF8E7004DC993 /* en */,
			);
			name = InfoPlist.strings;
			sourceTree = "<group>";
		};
/* End PBXVariantGroup section */

/* Begin XCBuildConfiguration section */
		EA071868187FF8E8004DC993 /* Debug */ = {
			isa = XCBuildConfiguration;
			buildSettings = {
				ALWAYS_SEARCH_USER_PATHS = NO;
				ARCHS = "$(ARCHS_STANDARD_INCLUDING_64_BIT)";
				CLANG_CXX_LANGUAGE_STANDARD = "gnu++0x";
				CLANG_CXX_LIBRARY = "libc++";
				CLANG_ENABLE_MODULES = YES;
				CLANG_ENABLE_OBJC_ARC = YES;
				CLANG_WARN_BOOL_CONVERSION = YES;
				CLANG_WARN_CONSTANT_CONVERSION = YES;
				CLANG_WARN_DIRECT_OBJC_ISA_USAGE = YES_ERROR;
				CLANG_WARN_EMPTY_BODY = YES;
				CLANG_WARN_ENUM_CONVERSION = YES;
				CLANG_WARN_INT_CONVERSION = YES;
				CLANG_WARN_OBJC_ROOT_CLASS = YES_ERROR;
				CLANG_WARN__DUPLICATE_METHOD_MATCH = YES;
				"CODE_SIGN_IDENTITY[sdk=iphoneos*]" = "iPhone Developer";
				COPY_PHASE_STRIP = NO;
				GCC_C_LANGUAGE_STANDARD = gnu99;
				GCC_DYNAMIC_NO_PIC = NO;
				GCC_OPTIMIZATION_LEVEL = 0;
				GCC_PREPROCESSOR_DEFINITIONS = (
					"DEBUG=1",
					"$(inherited)",
				);
				GCC_SYMBOLS_PRIVATE_EXTERN = NO;
				GCC_WARN_64_TO_32_BIT_CONVERSION = YES;
				GCC_WARN_ABOUT_RETURN_TYPE = YES_ERROR;
				GCC_WARN_UNDECLARED_SELECTOR = YES;
				GCC_WARN_UNINITIALIZED_AUTOS = YES;
				GCC_WARN_UNUSED_FUNCTION = YES;
				GCC_WARN_UNUSED_VARIABLE = YES;
				IPHONEOS_DEPLOYMENT_TARGET = 7.0;
				ONLY_ACTIVE_ARCH = YES;
				SDKROOT = iphoneos;
			};
			name = Debug;
		};
		EA071869187FF8E8004DC993 /* Release */ = {
			isa = XCBuildConfiguration;
			buildSettings = {
				ALWAYS_SEARCH_USER_PATHS = NO;
				ARCHS = "$(ARCHS_STANDARD_INCLUDING_64_BIT)";
				CLANG_CXX_LANGUAGE_STANDARD = "gnu++0x";
				CLANG_CXX_LIBRARY = "libc++";
				CLANG_ENABLE_MODULES = YES;
				CLANG_ENABLE_OBJC_ARC = YES;
				CLANG_WARN_BOOL_CONVERSION = YES;
				CLANG_WARN_CONSTANT_CONVERSION = YES;
				CLANG_WARN_DIRECT_OBJC_ISA_USAGE = YES_ERROR;
				CLANG_WARN_EMPTY_BODY = YES;
				CLANG_WARN_ENUM_CONVERSION = YES;
				CLANG_WARN_INT_CONVERSION = YES;
				CLANG_WARN_OBJC_ROOT_CLASS = YES_ERROR;
				CLANG_WARN__DUPLICATE_METHOD_MATCH = YES;
				"CODE_SIGN_IDENTITY[sdk=iphoneos*]" = "iPhone Developer";
				COPY_PHASE_STRIP = YES;
				ENABLE_NS_ASSERTIONS = NO;
				GCC_C_LANGUAGE_STANDARD = gnu99;
				GCC_WARN_64_TO_32_BIT_CONVERSION = YES;
				GCC_WARN_ABOUT_RETURN_TYPE = YES_ERROR;
				GCC_WARN_UNDECLARED_SELECTOR = YES;
				GCC_WARN_UNINITIALIZED_AUTOS = YES;
				GCC_WARN_UNUSED_FUNCTION = YES;
				GCC_WARN_UNUSED_VARIABLE = YES;
				IPHONEOS_DEPLOYMENT_TARGET = 7.0;
				SDKROOT = iphoneos;
				VALIDATE_PRODUCT = YES;
			};
			name = Release;
		};
		EA07186B187FF8E8004DC993 /* Debug */ = {
			isa = XCBuildConfiguration;
			baseConfigurationReference = DFDDF6598E694F3DAA6A4818 /* Pods.xcconfig */;
			buildSettings = {
				ASSETCATALOG_COMPILER_APPICON_NAME = AppIcon;
				ASSETCATALOG_COMPILER_LAUNCHIMAGE_NAME = LaunchImage;
				GCC_PRECOMPILE_PREFIX_HEADER = YES;
				GCC_PREFIX_HEADER = "ALRefreshTable/ALRefreshTable-Prefix.pch";
				INFOPLIST_FILE = "ALRefreshTable/ALRefreshTable-Info.plist";
				IPHONEOS_DEPLOYMENT_TARGET = 6.0;
				PRODUCT_NAME = "$(TARGET_NAME)";
				WRAPPER_EXTENSION = app;
			};
			name = Debug;
		};
		EA07186C187FF8E8004DC993 /* Release */ = {
			isa = XCBuildConfiguration;
			baseConfigurationReference = DFDDF6598E694F3DAA6A4818 /* Pods.xcconfig */;
			buildSettings = {
				ASSETCATALOG_COMPILER_APPICON_NAME = AppIcon;
				ASSETCATALOG_COMPILER_LAUNCHIMAGE_NAME = LaunchImage;
				GCC_PRECOMPILE_PREFIX_HEADER = YES;
				GCC_PREFIX_HEADER = "ALRefreshTable/ALRefreshTable-Prefix.pch";
				INFOPLIST_FILE = "ALRefreshTable/ALRefreshTable-Info.plist";
				IPHONEOS_DEPLOYMENT_TARGET = 6.0;
				PRODUCT_NAME = "$(TARGET_NAME)";
				WRAPPER_EXTENSION = app;
			};
			name = Release;
		};
		EA07186E187FF8E8004DC993 /* Debug */ = {
			isa = XCBuildConfiguration;
			buildSettings = {
				ARCHS = "$(ARCHS_STANDARD_INCLUDING_64_BIT)";
				BUNDLE_LOADER = "$(BUILT_PRODUCTS_DIR)/ALRefreshTable.app/ALRefreshTable";
				FRAMEWORK_SEARCH_PATHS = (
					"$(SDKROOT)/Developer/Library/Frameworks",
					"$(inherited)",
					"$(DEVELOPER_FRAMEWORKS_DIR)",
				);
				GCC_PRECOMPILE_PREFIX_HEADER = YES;
				GCC_PREFIX_HEADER = "ALRefreshTable/ALRefreshTable-Prefix.pch";
				GCC_PREPROCESSOR_DEFINITIONS = (
					"DEBUG=1",
					"$(inherited)",
				);
				INFOPLIST_FILE = "ALRefreshTableTests/ALRefreshTableTests-Info.plist";
				PRODUCT_NAME = "$(TARGET_NAME)";
				TEST_HOST = "$(BUNDLE_LOADER)";
				WRAPPER_EXTENSION = xctest;
			};
			name = Debug;
		};
		EA07186F187FF8E8004DC993 /* Release */ = {
			isa = XCBuildConfiguration;
			buildSettings = {
				ARCHS = "$(ARCHS_STANDARD_INCLUDING_64_BIT)";
				BUNDLE_LOADER = "$(BUILT_PRODUCTS_DIR)/ALRefreshTable.app/ALRefreshTable";
				FRAMEWORK_SEARCH_PATHS = (
					"$(SDKROOT)/Developer/Library/Frameworks",
					"$(inherited)",
					"$(DEVELOPER_FRAMEWORKS_DIR)",
				);
				GCC_PRECOMPILE_PREFIX_HEADER = YES;
				GCC_PREFIX_HEADER = "ALRefreshTable/ALRefreshTable-Prefix.pch";
				INFOPLIST_FILE = "ALRefreshTableTests/ALRefreshTableTests-Info.plist";
				PRODUCT_NAME = "$(TARGET_NAME)";
				TEST_HOST = "$(BUNDLE_LOADER)";
				WRAPPER_EXTENSION = xctest;
			};
			name = Release;
		};
/* End XCBuildConfiguration section */

/* Begin XCConfigurationList section */
		EA071839187FF8E7004DC993 /* Build configuration list for PBXProject "ALRefreshTable" */ = {
			isa = XCConfigurationList;
			buildConfigurations = (
				EA071868187FF8E8004DC993 /* Debug */,
				EA071869187FF8E8004DC993 /* Release */,
			);
			defaultConfigurationIsVisible = 0;
			defaultConfigurationName = Release;
		};
		EA07186A187FF8E8004DC993 /* Build configuration list for PBXNativeTarget "ALRefreshTable" */ = {
			isa = XCConfigurationList;
			buildConfigurations = (
				EA07186B187FF8E8004DC993 /* Debug */,
				EA07186C187FF8E8004DC993 /* Release */,
			);
			defaultConfigurationIsVisible = 0;
			defaultConfigurationName = Release;
		};
		EA07186D187FF8E8004DC993 /* Build configuration list for PBXNativeTarget "ALRefreshTableTests" */ = {
			isa = XCConfigurationList;
			buildConfigurations = (
				EA07186E187FF8E8004DC993 /* Debug */,
				EA07186F187FF8E8004DC993 /* Release */,
			);
			defaultConfigurationIsVisible = 0;
			defaultConfigurationName = Release;
		};
/* End XCConfigurationList section */
	};
	rootObject = EA071836187FF8E7004DC993 /* Project object */;
}
